
Microsoft Visual Studio Solution File, Format Version 12.00
# Visual Studio Version 16
VisualStudioVersion = 16.0.35706.149
MinimumVisualStudioVersion = 10.0.40219.1
Project("{FAE04EC0-301F-11D3-BF4B-00C04F79EFBC}") = "extensionmymethoddemo", "extensionmymethoddemo\extensionmymethoddemo.csproj", "{608AD384-F839-45AC-ADCE-CB0F0684EBF1}"
EndProject
Global
	GlobalSection(SolutionConfigurationPlatforms) = preSolution
		Debug|Any CPU = Debug|Any CPU
		Release|Any CPU = Release|Any CPU
	EndGlobalSection
	GlobalSection(ProjectConfigurationPlatforms) = postSolution
		{608AD384-F839-45AC-ADCE-CB0F0684EBF1}.Debug|Any CPU.ActiveCfg = Debug|Any CPU
		{608AD384-F839-45AC-ADCE-CB0F0684EBF1}.Debug|Any CPU.Build.0 = Debug|Any CPU
		{608AD384-F839-45AC-ADCE-CB0F0684EBF1}.Release|Any CPU.ActiveCfg = Release|Any CPU
		{608AD384-F839-45AC-ADCE-CB0F0684EBF1}.Release|Any CPU.Build.0 = Release|Any CPU
	EndGlobalSection
	GlobalSection(SolutionProperties) = preSolution
		HideSolutionNode = FALSE
	EndGlobalSection
	GlobalSection(ExtensibilityGlobals) = postSolution
		SolutionGuid = {F1BD5328-C128-4489-B46A-AEDB75B5E4AD}
	EndGlobalSection
EndGlobal
